
Microsoft Visual Studio Solution File, Format Version 12.00
# Visual Studio Version 17
VisualStudioVersion = 17.11.35312.102
MinimumVisualStudioVersion = 10.0.40219.1
Project("{2150E333-8FDC-42A3-9474-1A3956D46DE8}") = "Services", "Services", "{55E2E193-FD87-4FAA-A8F6-C47D7FBC4E84}"
EndProject
Project("{2150E333-8FDC-42A3-9474-1A3956D46DE8}") = "Catalogue", "Catalogue", "{970671EB-816E-428D-A7BF-C19BC5D201D3}"
EndProject
Project("{9A19103F-16F7-4668-BE54-9A1E7A4F7556}") = "CatalogueApi", "Services\Catalogue\CatalogueApi\CatalogueApi.csproj", "{B3DF1EB0-BEFD-415E-9393-410279283DAF}"
EndProject
Project("{2150E333-8FDC-42A3-9474-1A3956D46DE8}") = "BuildingBlocks", "BuildingBlocks", "{7D9150ED-D2FE-47FE-8CC8-C4DCC21B4CD3}"
EndProject
Project("{9A19103F-16F7-4668-BE54-9A1E7A4F7556}") = "BuildingBlocks", "BuildingBlocks\BuildingBlocks\BuildingBlocks.csproj", "{959868E8-DD6B-4B03-A949-48ABCB02E697}"
EndProject
Project("{E53339B2-1760-4266-BCC7-CA923CBCF16C}") = "docker-compose", "docker-compose.dcproj", "{1A549990-C0CA-41A2-A220-5B20A0EBB75B}"
EndProject
Project("{2150E333-8FDC-42A3-9474-1A3956D46DE8}") = "Cart", "Cart", "{26A5A6C7-37A2-49A3-8E0D-7395ADE90E56}"
EndProject
Project("{9A19103F-16F7-4668-BE54-9A1E7A4F7556}") = "Cart.Api", "Services\Cart\Cart.Api\Cart.Api.csproj", "{DB63EF24-0AD0-4E97-8C9E-AD379C8856FB}"
EndProject
Project("{2150E333-8FDC-42A3-9474-1A3956D46DE8}") = "Discounts", "Discounts", "{507C75CF-93A1-4DC3-AE84-D5BC50B7D0AC}"
EndProject
Project("{9A19103F-16F7-4668-BE54-9A1E7A4F7556}") = "Discount.Grpc", "Services\Discounts\Discount.Grpc\Discount.Grpc.csproj", "{A4355FD2-90F9-40A6-B907-13ACECD3DA9F}"
EndProject
Project("{2150E333-8FDC-42A3-9474-1A3956D46DE8}") = "Odering", "Odering", "{E9B22BB5-E147-4616-B7D7-A52E662FAABF}"
EndProject
Project("{9A19103F-16F7-4668-BE54-9A1E7A4F7556}") = "Odering.Api", "Services\Odering\Odering.Api\Odering.Api.csproj", "{971D7099-ABA9-4BE0-B70F-1818A2303903}"
EndProject
Project("{9A19103F-16F7-4668-BE54-9A1E7A4F7556}") = "Odering.Domain", "Services\Odering\Odering.Domain\Odering.Domain.csproj", "{663D94CB-F348-427F-A034-787FE605043E}"
EndProject
Project("{9A19103F-16F7-4668-BE54-9A1E7A4F7556}") = "Odering.Application", "Services\Odering\Odering.Application\Odering.Application.csproj", "{BF959068-DC5E-48F2-A383-BB0E7D131DC0}"
EndProject
Project("{9A19103F-16F7-4668-BE54-9A1E7A4F7556}") = "Odering.Infrastructure", "Services\Odering\Odering.Infrastructure\Odering.Infrastructure.csproj", "{20E0616E-0D5E-4165-B4C3-D62C8CA6A63E}"
EndProject
Project("{9A19103F-16F7-4668-BE54-9A1E7A4F7556}") = "BuildingBlocks.Messaging", "BuildingBlocks\BuildingBlocks.Messaging\BuildingBlocks.Messaging.csproj", "{24A61D3D-7FA7-4819-AE56-42F1814E3A67}"
EndProject
Project("{2150E333-8FDC-42A3-9474-1A3956D46DE8}") = "ApiGateway", "ApiGateway", "{1AC50CA7-BBEE-4B17-9216-4E87B7C36477}"
EndProject
Project("{FAE04EC0-301F-11D3-BF4B-00C04F79EFBC}") = "YarpApiGateway", "ApiGateways\YarpApiGateway\YarpApiGateway.csproj", "{BBF64FE8-8CCF-4C47-87B3-E4806BA85401}"
EndProject
Global
	GlobalSection(SolutionConfigurationPlatforms) = preSolution
		Debug|Any CPU = Debug|Any CPU
		Release|Any CPU = Release|Any CPU
	EndGlobalSection
	GlobalSection(ProjectConfigurationPlatforms) = postSolution
		{B3DF1EB0-BEFD-415E-9393-410279283DAF}.Debug|Any CPU.ActiveCfg = Debug|Any CPU
		{B3DF1EB0-BEFD-415E-9393-410279283DAF}.Debug|Any CPU.Build.0 = Debug|Any CPU
		{B3DF1EB0-BEFD-415E-9393-410279283DAF}.Release|Any CPU.ActiveCfg = Release|Any CPU
		{B3DF1EB0-BEFD-415E-9393-410279283DAF}.Release|Any CPU.Build.0 = Release|Any CPU
		{959868E8-DD6B-4B03-A949-48ABCB02E697}.Debug|Any CPU.ActiveCfg = Debug|Any CPU
		{959868E8-DD6B-4B03-A949-48ABCB02E697}.Debug|Any CPU.Build.0 = Debug|Any CPU
		{959868E8-DD6B-4B03-A949-48ABCB02E697}.Release|Any CPU.ActiveCfg = Release|Any CPU
		{959868E8-DD6B-4B03-A949-48ABCB02E697}.Release|Any CPU.Build.0 = Release|Any CPU
		{1A549990-C0CA-41A2-A220-5B20A0EBB75B}.Debug|Any CPU.ActiveCfg = Debug|Any CPU
		{1A549990-C0CA-41A2-A220-5B20A0EBB75B}.Debug|Any CPU.Build.0 = Debug|Any CPU
		{1A549990-C0CA-41A2-A220-5B20A0EBB75B}.Release|Any CPU.ActiveCfg = Release|Any CPU
		{1A549990-C0CA-41A2-A220-5B20A0EBB75B}.Release|Any CPU.Build.0 = Release|Any CPU
		{DB63EF24-0AD0-4E97-8C9E-AD379C8856FB}.Debug|Any CPU.ActiveCfg = Debug|Any CPU
		{DB63EF24-0AD0-4E97-8C9E-AD379C8856FB}.Debug|Any CPU.Build.0 = Debug|Any CPU
		{DB63EF24-0AD0-4E97-8C9E-AD379C8856FB}.Release|Any CPU.ActiveCfg = Release|Any CPU
		{DB63EF24-0AD0-4E97-8C9E-AD379C8856FB}.Release|Any CPU.Build.0 = Release|Any CPU
		{A4355FD2-90F9-40A6-B907-13ACECD3DA9F}.Debug|Any CPU.ActiveCfg = Debug|Any CPU
		{A4355FD2-90F9-40A6-B907-13ACECD3DA9F}.Debug|Any CPU.Build.0 = Debug|Any CPU
		{A4355FD2-90F9-40A6-B907-13ACECD3DA9F}.Release|Any CPU.ActiveCfg = Release|Any CPU
		{A4355FD2-90F9-40A6-B907-13ACECD3DA9F}.Release|Any CPU.Build.0 = Release|Any CPU
		{971D7099-ABA9-4BE0-B70F-1818A2303903}.Debug|Any CPU.ActiveCfg = Debug|Any CPU
		{971D7099-ABA9-4BE0-B70F-1818A2303903}.Debug|Any CPU.Build.0 = Debug|Any CPU
		{971D7099-ABA9-4BE0-B70F-1818A2303903}.Release|Any CPU.ActiveCfg = Release|Any CPU
		{971D7099-ABA9-4BE0-B70F-1818A2303903}.Release|Any CPU.Build.0 = Release|Any CPU
		{663D94CB-F348-427F-A034-787FE605043E}.Debug|Any CPU.ActiveCfg = Debug|Any CPU
		{663D94CB-F348-427F-A034-787FE605043E}.Debug|Any CPU.Build.0 = Debug|Any CPU
		{663D94CB-F348-427F-A034-787FE605043E}.Release|Any CPU.ActiveCfg = Release|Any CPU
		{663D94CB-F348-427F-A034-787FE605043E}.Release|Any CPU.Build.0 = Release|Any CPU
		{BF959068-DC5E-48F2-A383-BB0E7D131DC0}.Debug|Any CPU.ActiveCfg = Debug|Any CPU
		{BF959068-DC5E-48F2-A383-BB0E7D131DC0}.Debug|Any CPU.Build.0 = Debug|Any CPU
		{BF959068-DC5E-48F2-A383-BB0E7D131DC0}.Release|Any CPU.ActiveCfg = Release|Any CPU
		{BF959068-DC5E-48F2-A383-BB0E7D131DC0}.Release|Any CPU.Build.0 = Release|Any CPU
		{20E0616E-0D5E-4165-B4C3-D62C8CA6A63E}.Debug|Any CPU.ActiveCfg = Debug|Any CPU
		{20E0616E-0D5E-4165-B4C3-D62C8CA6A63E}.Debug|Any CPU.Build.0 = Debug|Any CPU
		{20E0616E-0D5E-4165-B4C3-D62C8CA6A63E}.Release|Any CPU.ActiveCfg = Release|Any CPU
		{20E0616E-0D5E-4165-B4C3-D62C8CA6A63E}.Release|Any CPU.Build.0 = Release|Any CPU
		{24A61D3D-7FA7-4819-AE56-42F1814E3A67}.Debug|Any CPU.ActiveCfg = Debug|Any CPU
		{24A61D3D-7FA7-4819-AE56-42F1814E3A67}.Debug|Any CPU.Build.0 = Debug|Any CPU
		{24A61D3D-7FA7-4819-AE56-42F1814E3A67}.Release|Any CPU.ActiveCfg = Release|Any CPU
		{24A61D3D-7FA7-4819-AE56-42F1814E3A67}.Release|Any CPU.Build.0 = Release|Any CPU
		{BBF64FE8-8CCF-4C47-87B3-E4806BA85401}.Debug|Any CPU.ActiveCfg = Debug|Any CPU
		{BBF64FE8-8CCF-4C47-87B3-E4806BA85401}.Debug|Any CPU.Build.0 = Debug|Any CPU
		{BBF64FE8-8CCF-4C47-87B3-E4806BA85401}.Release|Any CPU.ActiveCfg = Release|Any CPU
		{BBF64FE8-8CCF-4C47-87B3-E4806BA85401}.Release|Any CPU.Build.0 = Release|Any CPU
	EndGlobalSection
	GlobalSection(SolutionProperties) = preSolution
		HideSolutionNode = FALSE
	EndGlobalSection
	GlobalSection(NestedProjects) = preSolution
		{970671EB-816E-428D-A7BF-C19BC5D201D3} = {55E2E193-FD87-4FAA-A8F6-C47D7FBC4E84}
		{B3DF1EB0-BEFD-415E-9393-410279283DAF} = {970671EB-816E-428D-A7BF-C19BC5D201D3}
		{959868E8-DD6B-4B03-A949-48ABCB02E697} = {7D9150ED-D2FE-47FE-8CC8-C4DCC21B4CD3}
		{26A5A6C7-37A2-49A3-8E0D-7395ADE90E56} = {55E2E193-FD87-4FAA-A8F6-C47D7FBC4E84}
		{DB63EF24-0AD0-4E97-8C9E-AD379C8856FB} = {26A5A6C7-37A2-49A3-8E0D-7395ADE90E56}
		{507C75CF-93A1-4DC3-AE84-D5BC50B7D0AC} = {55E2E193-FD87-4FAA-A8F6-C47D7FBC4E84}
		{A4355FD2-90F9-40A6-B907-13ACECD3DA9F} = {507C75CF-93A1-4DC3-AE84-D5BC50B7D0AC}
		{E9B22BB5-E147-4616-B7D7-A52E662FAABF} = {55E2E193-FD87-4FAA-A8F6-C47D7FBC4E84}
		{971D7099-ABA9-4BE0-B70F-1818A2303903} = {E9B22BB5-E147-4616-B7D7-A52E662FAABF}
		{663D94CB-F348-427F-A034-787FE605043E} = {E9B22BB5-E147-4616-B7D7-A52E662FAABF}
		{BF959068-DC5E-48F2-A383-BB0E7D131DC0} = {E9B22BB5-E147-4616-B7D7-A52E662FAABF}
		{20E0616E-0D5E-4165-B4C3-D62C8CA6A63E} = {E9B22BB5-E147-4616-B7D7-A52E662FAABF}
		{24A61D3D-7FA7-4819-AE56-42F1814E3A67} = {7D9150ED-D2FE-47FE-8CC8-C4DCC21B4CD3}
		{BBF64FE8-8CCF-4C47-87B3-E4806BA85401} = {1AC50CA7-BBEE-4B17-9216-4E87B7C36477}
	EndGlobalSection
	GlobalSection(ExtensibilityGlobals) = postSolution
		SolutionGuid = {FB9E064D-2B78-496C-8861-6C73EDF15436}
	EndGlobalSection
EndGlobal
